{
  "nodes": {
    "crane": {
      "locked": {
        "lastModified": 1746291859,
        "narHash": "sha256-DdWJLA+D5tcmrRSg5Y7tp/qWaD05ATI4Z7h22gd1h7Q=",
        "owner": "ipetkov",
        "repo": "crane",
        "rev": "dfd9a8dfd09db9aad544c4d3b6c47b12562544a5",
        "type": "github"
      },
      "original": {
        "owner": "ipetkov",
        "repo": "crane",
        "type": "github"
      }
    },
    "crane_2": {
      "locked": {
        "lastModified": 1746291859,
        "narHash": "sha256-DdWJLA+D5tcmrRSg5Y7tp/qWaD05ATI4Z7h22gd1h7Q=",
        "owner": "ipetkov",
        "repo": "crane",
        "rev": "dfd9a8dfd09db9aad544c4d3b6c47b12562544a5",
        "type": "github"
      },
      "original": {
        "owner": "ipetkov",
        "repo": "crane",
        "type": "github"
      }
    },
    "crane_3": {
      "locked": {
        "lastModified": 1746291859,
        "narHash": "sha256-DdWJLA+D5tcmrRSg5Y7tp/qWaD05ATI4Z7h22gd1h7Q=",
        "owner": "ipetkov",
        "repo": "crane",
        "rev": "dfd9a8dfd09db9aad544c4d3b6c47b12562544a5",
        "type": "github"
      },
      "original": {
        "owner": "ipetkov",
        "repo": "crane",
        "type": "github"
      }
    },
    "crane_4": {
      "locked": {
        "lastModified": 1746291859,
        "narHash": "sha256-DdWJLA+D5tcmrRSg5Y7tp/qWaD05ATI4Z7h22gd1h7Q=",
        "owner": "ipetkov",
        "repo": "crane",
        "rev": "dfd9a8dfd09db9aad544c4d3b6c47b12562544a5",
        "type": "github"
      },
      "original": {
        "owner": "ipetkov",
        "repo": "crane",
        "type": "github"
      }
    },
    "crane_5": {
      "locked": {
        "lastModified": 1746291859,
        "narHash": "sha256-DdWJLA+D5tcmrRSg5Y7tp/qWaD05ATI4Z7h22gd1h7Q=",
        "owner": "ipetkov",
        "repo": "crane",
        "rev": "dfd9a8dfd09db9aad544c4d3b6c47b12562544a5",
        "type": "github"
      },
      "original": {
        "owner": "ipetkov",
        "repo": "crane",
        "type": "github"
      }
    },
    "crane_6": {
      "locked": {
        "lastModified": 1746291859,
        "narHash": "sha256-DdWJLA+D5tcmrRSg5Y7tp/qWaD05ATI4Z7h22gd1h7Q=",
        "owner": "ipetkov",
        "repo": "crane",
        "rev": "dfd9a8dfd09db9aad544c4d3b6c47b12562544a5",
        "type": "github"
      },
      "original": {
        "owner": "ipetkov",
        "repo": "crane",
        "type": "github"
      }
    },
    "crane_7": {
      "locked": {
        "lastModified": 1746291859,
        "narHash": "sha256-DdWJLA+D5tcmrRSg5Y7tp/qWaD05ATI4Z7h22gd1h7Q=",
        "owner": "ipetkov",
        "repo": "crane",
        "rev": "dfd9a8dfd09db9aad544c4d3b6c47b12562544a5",
        "type": "github"
      },
      "original": {
        "owner": "ipetkov",
        "repo": "crane",
        "type": "github"
      }
    },
    "flake-parts": {
      "inputs": {
        "nixpkgs-lib": "nixpkgs-lib"
      },
      "locked": {
        "lastModified": 1743550720,
        "narHash": "sha256-hIshGgKZCgWh6AYJpJmRgFdR3WUbkY04o82X05xqQiY=",
        "owner": "hercules-ci",
        "repo": "flake-parts",
        "rev": "c621e8422220273271f52058f618c94e405bb0f5",
        "type": "github"
      },
      "original": {
        "owner": "hercules-ci",
        "repo": "flake-parts",
        "type": "github"
      }
    },
    "flake-parts_2": {
      "inputs": {
        "nixpkgs-lib": "nixpkgs-lib_2"
      },
      "locked": {
        "lastModified": 1743550720,
        "narHash": "sha256-hIshGgKZCgWh6AYJpJmRgFdR3WUbkY04o82X05xqQiY=",
        "owner": "hercules-ci",
        "repo": "flake-parts",
        "rev": "c621e8422220273271f52058f618c94e405bb0f5",
        "type": "github"
      },
      "original": {
        "owner": "hercules-ci",
        "repo": "flake-parts",
        "type": "github"
      }
    },
    "flake-parts_3": {
      "inputs": {
        "nixpkgs-lib": "nixpkgs-lib_3"
      },
      "locked": {
        "lastModified": 1743550720,
        "narHash": "sha256-hIshGgKZCgWh6AYJpJmRgFdR3WUbkY04o82X05xqQiY=",
        "owner": "hercules-ci",
        "repo": "flake-parts",
        "rev": "c621e8422220273271f52058f618c94e405bb0f5",
        "type": "github"
      },
      "original": {
        "owner": "hercules-ci",
        "repo": "flake-parts",
        "type": "github"
      }
    },
    "flake-parts_4": {
      "inputs": {
        "nixpkgs-lib": "nixpkgs-lib_4"
      },
      "locked": {
        "lastModified": 1743550720,
        "narHash": "sha256-hIshGgKZCgWh6AYJpJmRgFdR3WUbkY04o82X05xqQiY=",
        "owner": "hercules-ci",
        "repo": "flake-parts",
        "rev": "c621e8422220273271f52058f618c94e405bb0f5",
        "type": "github"
      },
      "original": {
        "owner": "hercules-ci",
        "repo": "flake-parts",
        "type": "github"
      }
    },
    "flake-parts_5": {
      "inputs": {
        "nixpkgs-lib": "nixpkgs-lib_5"
      },
      "locked": {
        "lastModified": 1743550720,
        "narHash": "sha256-hIshGgKZCgWh6AYJpJmRgFdR3WUbkY04o82X05xqQiY=",
        "owner": "hercules-ci",
        "repo": "flake-parts",
        "rev": "c621e8422220273271f52058f618c94e405bb0f5",
        "type": "github"
      },
      "original": {
        "owner": "hercules-ci",
        "repo": "flake-parts",
        "type": "github"
      }
    },
    "flake-parts_6": {
      "inputs": {
        "nixpkgs-lib": "nixpkgs-lib_6"
      },
      "locked": {
        "lastModified": 1743550720,
        "narHash": "sha256-hIshGgKZCgWh6AYJpJmRgFdR3WUbkY04o82X05xqQiY=",
        "owner": "hercules-ci",
        "repo": "flake-parts",
        "rev": "c621e8422220273271f52058f618c94e405bb0f5",
        "type": "github"
      },
      "original": {
        "owner": "hercules-ci",
        "repo": "flake-parts",
        "type": "github"
      }
    },
    "flake-parts_7": {
      "inputs": {
        "nixpkgs-lib": "nixpkgs-lib_7"
      },
      "locked": {
        "lastModified": 1743550720,
        "narHash": "sha256-hIshGgKZCgWh6AYJpJmRgFdR3WUbkY04o82X05xqQiY=",
        "owner": "hercules-ci",
        "repo": "flake-parts",
        "rev": "c621e8422220273271f52058f618c94e405bb0f5",
        "type": "github"
      },
      "original": {
        "owner": "hercules-ci",
        "repo": "flake-parts",
        "type": "github"
      }
    },
    "gonixpkgs": {
      "locked": {
        "lastModified": 1735563628,
        "narHash": "sha256-OnSAY7XDSx7CtDoqNh8jwVwh4xNL/2HaJxGjryLWzX8=",
        "owner": "nixos",
        "repo": "nixpkgs",
        "rev": "b134951a4c9f3c995fd7be05f3243f8ecd65d798",
        "type": "github"
      },
      "original": {
        "owner": "nixos",
        "ref": "nixos-24.05",
        "repo": "nixpkgs",
        "type": "github"
      }
    },
    "hc-launch": {
      "flake": false,
      "locked": {
        "lastModified": 1745512267,
        "narHash": "sha256-oVXdsyVJQ/LAwrgaPXN2B9ixW8KpKXoR+kq51hDxp6o=",
        "owner": "holochain",
        "repo": "hc-launch",
        "rev": "ef3b8fa222a81711351dc913c7d166564f03112c",
        "type": "github"
      },
      "original": {
        "owner": "holochain",
        "ref": "holochain-0.5",
        "repo": "hc-launch",
        "type": "github"
      }
    },
    "hc-launch_2": {
      "flake": false,
      "locked": {
        "lastModified": 1745512267,
        "narHash": "sha256-oVXdsyVJQ/LAwrgaPXN2B9ixW8KpKXoR+kq51hDxp6o=",
        "owner": "holochain",
        "repo": "hc-launch",
        "rev": "ef3b8fa222a81711351dc913c7d166564f03112c",
        "type": "github"
      },
      "original": {
        "owner": "holochain",
        "ref": "holochain-0.5",
        "repo": "hc-launch",
        "type": "github"
      }
    },
    "hc-launch_3": {
      "flake": false,
      "locked": {
        "lastModified": 1745512267,
        "narHash": "sha256-oVXdsyVJQ/LAwrgaPXN2B9ixW8KpKXoR+kq51hDxp6o=",
        "owner": "holochain",
        "repo": "hc-launch",
        "rev": "ef3b8fa222a81711351dc913c7d166564f03112c",
        "type": "github"
      },
      "original": {
        "owner": "holochain",
        "ref": "holochain-0.5",
        "repo": "hc-launch",
        "type": "github"
      }
    },
    "hc-launch_4": {
      "flake": false,
      "locked": {
        "lastModified": 1745512267,
        "narHash": "sha256-oVXdsyVJQ/LAwrgaPXN2B9ixW8KpKXoR+kq51hDxp6o=",
        "owner": "holochain",
        "repo": "hc-launch",
        "rev": "ef3b8fa222a81711351dc913c7d166564f03112c",
        "type": "github"
      },
      "original": {
        "owner": "holochain",
        "ref": "holochain-0.5",
        "repo": "hc-launch",
        "type": "github"
      }
    },
    "hc-launch_5": {
      "flake": false,
      "locked": {
        "lastModified": 1745512267,
        "narHash": "sha256-oVXdsyVJQ/LAwrgaPXN2B9ixW8KpKXoR+kq51hDxp6o=",
        "owner": "holochain",
        "repo": "hc-launch",
        "rev": "ef3b8fa222a81711351dc913c7d166564f03112c",
        "type": "github"
      },
      "original": {
        "owner": "holochain",
        "ref": "holochain-0.5",
        "repo": "hc-launch",
        "type": "github"
      }
    },
    "hc-launch_6": {
      "flake": false,
      "locked": {
        "lastModified": 1745512267,
        "narHash": "sha256-oVXdsyVJQ/LAwrgaPXN2B9ixW8KpKXoR+kq51hDxp6o=",
        "owner": "holochain",
        "repo": "hc-launch",
        "rev": "ef3b8fa222a81711351dc913c7d166564f03112c",
        "type": "github"
      },
      "original": {
        "owner": "holochain",
        "ref": "holochain-0.5",
        "repo": "hc-launch",
        "type": "github"
      }
    },
    "hc-launch_7": {
      "flake": false,
      "locked": {
        "lastModified": 1745512267,
        "narHash": "sha256-oVXdsyVJQ/LAwrgaPXN2B9ixW8KpKXoR+kq51hDxp6o=",
        "owner": "holochain",
        "repo": "hc-launch",
        "rev": "ef3b8fa222a81711351dc913c7d166564f03112c",
        "type": "github"
      },
      "original": {
        "owner": "holochain",
        "ref": "holochain-0.5",
        "repo": "hc-launch",
        "type": "github"
      }
    },
    "hc-scaffold": {
      "flake": false,
      "locked": {
        "lastModified": 1747059984,
        "narHash": "sha256-gRj4/ptoQ4hb3rwkZ/gX3+OhN9NmhJ42XTrOlnz6QpE=",
        "owner": "holochain",
        "repo": "scaffolding",
        "rev": "54ec9b851db94f2e9489b1cae683032f7407be84",
        "type": "github"
      },
      "original": {
        "owner": "holochain",
        "ref": "holochain-0.5",
        "repo": "scaffolding",
        "type": "github"
      }
    },
    "hc-scaffold_2": {
      "flake": false,
      "locked": {
        "lastModified": 1747059984,
        "narHash": "sha256-gRj4/ptoQ4hb3rwkZ/gX3+OhN9NmhJ42XTrOlnz6QpE=",
        "owner": "holochain",
        "repo": "scaffolding",
        "rev": "54ec9b851db94f2e9489b1cae683032f7407be84",
        "type": "github"
      },
      "original": {
        "owner": "holochain",
        "ref": "holochain-0.5",
        "repo": "scaffolding",
        "type": "github"
      }
    },
    "hc-scaffold_3": {
      "flake": false,
      "locked": {
        "lastModified": 1747055222,
        "narHash": "sha256-7nhe22AESHtT9Vf4Ye19QXqlBuo4rr7yVE1xB7Ga1wY=",
        "owner": "holochain",
        "repo": "scaffolding",
        "rev": "ef6982bce2557d2e3606061ca35bc0dfaf7261af",
        "type": "github"
      },
      "original": {
        "owner": "holochain",
        "ref": "main",
        "repo": "scaffolding",
        "type": "github"
      }
    },
    "hc-scaffold_4": {
      "flake": false,
      "locked": {
        "lastModified": 1747059984,
        "narHash": "sha256-gRj4/ptoQ4hb3rwkZ/gX3+OhN9NmhJ42XTrOlnz6QpE=",
        "owner": "holochain",
        "repo": "scaffolding",
        "rev": "54ec9b851db94f2e9489b1cae683032f7407be84",
        "type": "github"
      },
      "original": {
        "owner": "holochain",
        "ref": "holochain-0.5",
        "repo": "scaffolding",
        "type": "github"
      }
    },
    "hc-scaffold_5": {
      "flake": false,
      "locked": {
        "lastModified": 1747059984,
        "narHash": "sha256-gRj4/ptoQ4hb3rwkZ/gX3+OhN9NmhJ42XTrOlnz6QpE=",
        "owner": "holochain",
        "repo": "scaffolding",
        "rev": "54ec9b851db94f2e9489b1cae683032f7407be84",
        "type": "github"
      },
      "original": {
        "owner": "holochain",
        "ref": "holochain-0.5",
        "repo": "scaffolding",
        "type": "github"
      }
    },
    "hc-scaffold_6": {
      "flake": false,
      "locked": {
        "lastModified": 1747059984,
        "narHash": "sha256-gRj4/ptoQ4hb3rwkZ/gX3+OhN9NmhJ42XTrOlnz6QpE=",
        "owner": "holochain",
        "repo": "scaffolding",
        "rev": "54ec9b851db94f2e9489b1cae683032f7407be84",
        "type": "github"
      },
      "original": {
        "owner": "holochain",
        "ref": "holochain-0.5",
        "repo": "scaffolding",
        "type": "github"
      }
    },
    "hc-scaffold_7": {
      "flake": false,
      "locked": {
        "lastModified": 1747055222,
        "narHash": "sha256-7nhe22AESHtT9Vf4Ye19QXqlBuo4rr7yVE1xB7Ga1wY=",
        "owner": "holochain",
        "repo": "scaffolding",
        "rev": "ef6982bce2557d2e3606061ca35bc0dfaf7261af",
        "type": "github"
      },
      "original": {
        "owner": "holochain",
        "ref": "main",
        "repo": "scaffolding",
        "type": "github"
      }
    },
    "holochain": {
      "flake": false,
      "locked": {
        "lastModified": 1746718894,
        "narHash": "sha256-b4WCqtHxz1F8wUAUoLS9dhJgkDf+Cey1B2VbpKO6+pQ=",
        "owner": "holochain",
        "repo": "holochain",
        "rev": "641de8152aaa6dc9fbec7a95ff65a3a52a5e2aa1",
        "type": "github"
      },
      "original": {
        "owner": "holochain",
        "ref": "holochain-0.5.2",
        "repo": "holochain",
        "type": "github"
      }
    },
    "holochain-nix-builders": {
      "inputs": {
        "crane": [
          "scaffolding",
          "holochain-nix-builders",
          "holonix",
          "crane"
        ],
        "holonix": "holonix_2",
        "nixpkgs": [
          "scaffolding",
          "holochain-nix-builders",
          "holonix",
          "nixpkgs"
        ],
        "rust-overlay": [
          "scaffolding",
          "holochain-nix-builders",
          "holonix",
          "rust-overlay"
        ]
      },
      "locked": {
        "lastModified": 1747317351,
        "narHash": "sha256-EhqIDNuVoOpmrLnmpO4n9lxGSONGTR/y1YrMmVK6eq8=",
        "owner": "darksoil-studio",
        "repo": "holochain-nix-builders",
        "rev": "da0ddebf5333f2421dd87fdffa94ef39ec627eca",
        "type": "github"
      },
      "original": {
        "owner": "darksoil-studio",
        "ref": "main-0.5",
        "repo": "holochain-nix-builders",
        "type": "github"
      }
    },
    "holochain-nix-builders_2": {
      "inputs": {
        "crane": [
          "tauri-plugin-holochain",
          "holochain-nix-builders",
          "holonix",
          "crane"
        ],
        "holonix": "holonix_4",
        "nixpkgs": [
          "tauri-plugin-holochain",
          "holochain-nix-builders",
          "holonix",
          "nixpkgs"
        ],
        "rust-overlay": [
          "tauri-plugin-holochain",
          "holochain-nix-builders",
          "holonix",
          "rust-overlay"
        ]
      },
      "locked": {
        "lastModified": 1747317351,
        "narHash": "sha256-EhqIDNuVoOpmrLnmpO4n9lxGSONGTR/y1YrMmVK6eq8=",
        "owner": "darksoil-studio",
        "repo": "holochain-nix-builders",
        "rev": "da0ddebf5333f2421dd87fdffa94ef39ec627eca",
        "type": "github"
      },
      "original": {
        "owner": "darksoil-studio",
        "ref": "main-0.5",
        "repo": "holochain-nix-builders",
        "type": "github"
      }
    },
    "holochain-nix-builders_3": {
      "inputs": {
        "crane": [
          "tauri-plugin-holochain",
          "scaffolding",
          "holochain-nix-builders",
          "holonix",
          "crane"
        ],
        "holonix": "holonix_6",
        "nixpkgs": [
          "tauri-plugin-holochain",
          "scaffolding",
          "holochain-nix-builders",
          "holonix",
          "nixpkgs"
        ],
        "rust-overlay": [
          "tauri-plugin-holochain",
          "scaffolding",
          "holochain-nix-builders",
          "holonix",
          "rust-overlay"
        ]
      },
      "locked": {
        "lastModified": 1747317351,
        "narHash": "sha256-EhqIDNuVoOpmrLnmpO4n9lxGSONGTR/y1YrMmVK6eq8=",
        "owner": "darksoil-studio",
        "repo": "holochain-nix-builders",
        "rev": "da0ddebf5333f2421dd87fdffa94ef39ec627eca",
        "type": "github"
      },
      "original": {
        "owner": "darksoil-studio",
        "ref": "main-0.5",
        "repo": "holochain-nix-builders",
        "type": "github"
      }
    },
    "holochain_2": {
      "flake": false,
      "locked": {
        "lastModified": 1746718894,
        "narHash": "sha256-b4WCqtHxz1F8wUAUoLS9dhJgkDf+Cey1B2VbpKO6+pQ=",
        "owner": "holochain",
        "repo": "holochain",
        "rev": "641de8152aaa6dc9fbec7a95ff65a3a52a5e2aa1",
        "type": "github"
      },
      "original": {
        "owner": "holochain",
        "ref": "holochain-0.5.2",
        "repo": "holochain",
        "type": "github"
      }
    },
    "holochain_3": {
      "flake": false,
      "locked": {
        "lastModified": 1746718894,
        "narHash": "sha256-b4WCqtHxz1F8wUAUoLS9dhJgkDf+Cey1B2VbpKO6+pQ=",
        "owner": "holochain",
        "repo": "holochain",
        "rev": "641de8152aaa6dc9fbec7a95ff65a3a52a5e2aa1",
        "type": "github"
      },
      "original": {
        "owner": "holochain",
        "ref": "holochain-0.5.2",
        "repo": "holochain",
        "type": "github"
      }
    },
    "holochain_4": {
      "flake": false,
      "locked": {
        "lastModified": 1746718894,
        "narHash": "sha256-b4WCqtHxz1F8wUAUoLS9dhJgkDf+Cey1B2VbpKO6+pQ=",
        "owner": "holochain",
        "repo": "holochain",
        "rev": "641de8152aaa6dc9fbec7a95ff65a3a52a5e2aa1",
        "type": "github"
      },
      "original": {
        "owner": "holochain",
        "ref": "holochain-0.5.2",
        "repo": "holochain",
        "type": "github"
      }
    },
    "holochain_5": {
      "flake": false,
      "locked": {
        "lastModified": 1746718894,
        "narHash": "sha256-b4WCqtHxz1F8wUAUoLS9dhJgkDf+Cey1B2VbpKO6+pQ=",
        "owner": "holochain",
        "repo": "holochain",
        "rev": "641de8152aaa6dc9fbec7a95ff65a3a52a5e2aa1",
        "type": "github"
      },
      "original": {
        "owner": "holochain",
        "ref": "holochain-0.5.2",
        "repo": "holochain",
        "type": "github"
      }
    },
    "holochain_6": {
      "flake": false,
      "locked": {
        "lastModified": 1746718894,
        "narHash": "sha256-b4WCqtHxz1F8wUAUoLS9dhJgkDf+Cey1B2VbpKO6+pQ=",
        "owner": "holochain",
        "repo": "holochain",
        "rev": "641de8152aaa6dc9fbec7a95ff65a3a52a5e2aa1",
        "type": "github"
      },
      "original": {
        "owner": "holochain",
        "ref": "holochain-0.5.2",
        "repo": "holochain",
        "type": "github"
      }
    },
    "holochain_7": {
      "flake": false,
      "locked": {
        "lastModified": 1746718894,
        "narHash": "sha256-b4WCqtHxz1F8wUAUoLS9dhJgkDf+Cey1B2VbpKO6+pQ=",
        "owner": "holochain",
        "repo": "holochain",
        "rev": "641de8152aaa6dc9fbec7a95ff65a3a52a5e2aa1",
        "type": "github"
      },
      "original": {
        "owner": "holochain",
        "ref": "holochain-0.5.2",
        "repo": "holochain",
        "type": "github"
      }
    },
    "holonix": {
      "inputs": {
        "crane": "crane",
        "flake-parts": "flake-parts",
        "hc-launch": "hc-launch",
        "hc-scaffold": "hc-scaffold",
        "holochain": "holochain",
        "kitsune2": "kitsune2",
        "lair-keystore": "lair-keystore",
        "nixpkgs": "nixpkgs",
        "playground": "playground",
        "rust-overlay": "rust-overlay"
      },
      "locked": {
        "lastModified": 1747071939,
        "narHash": "sha256-sVPY2bxmtgSuvQWsU4/wNCKQL3AYclqfs41GHmXUQOY=",
        "owner": "holochain",
        "repo": "holonix",
        "rev": "f5ce9fb759da09085fde328747f893e0fd5ff5a6",
        "type": "github"
      },
      "original": {
        "owner": "holochain",
        "ref": "main-0.5",
        "repo": "holonix",
        "type": "github"
      }
    },
    "holonix_2": {
      "inputs": {
        "crane": "crane_2",
        "flake-parts": "flake-parts_2",
        "hc-launch": "hc-launch_2",
        "hc-scaffold": "hc-scaffold_2",
        "holochain": "holochain_2",
        "kitsune2": "kitsune2_2",
        "lair-keystore": "lair-keystore_2",
        "nixpkgs": "nixpkgs_2",
        "playground": "playground_2",
        "rust-overlay": "rust-overlay_2"
      },
      "locked": {
        "lastModified": 1747071939,
        "narHash": "sha256-sVPY2bxmtgSuvQWsU4/wNCKQL3AYclqfs41GHmXUQOY=",
        "owner": "holochain",
        "repo": "holonix",
        "rev": "f5ce9fb759da09085fde328747f893e0fd5ff5a6",
        "type": "github"
      },
      "original": {
        "owner": "holochain",
        "ref": "main-0.5",
        "repo": "holonix",
        "type": "github"
      }
    },
    "holonix_3": {
      "inputs": {
        "crane": "crane_3",
        "flake-parts": "flake-parts_3",
        "hc-launch": "hc-launch_3",
        "hc-scaffold": "hc-scaffold_3",
        "holochain": "holochain_3",
        "kitsune2": "kitsune2_3",
        "lair-keystore": "lair-keystore_3",
        "nixpkgs": "nixpkgs_3",
        "playground": "playground_3",
        "rust-overlay": "rust-overlay_3"
      },
      "locked": {
        "lastModified": 1747071939,
        "narHash": "sha256-sVPY2bxmtgSuvQWsU4/wNCKQL3AYclqfs41GHmXUQOY=",
        "owner": "holochain",
        "repo": "holonix",
        "rev": "f5ce9fb759da09085fde328747f893e0fd5ff5a6",
        "type": "github"
      },
      "original": {
        "owner": "holochain",
        "ref": "main-0.5",
        "repo": "holonix",
        "type": "github"
      }
    },
    "holonix_4": {
      "inputs": {
        "crane": "crane_4",
        "flake-parts": "flake-parts_4",
        "hc-launch": "hc-launch_4",
        "hc-scaffold": "hc-scaffold_4",
        "holochain": "holochain_4",
        "kitsune2": "kitsune2_4",
        "lair-keystore": "lair-keystore_4",
        "nixpkgs": "nixpkgs_4",
        "playground": "playground_4",
        "rust-overlay": "rust-overlay_4"
      },
      "locked": {
        "lastModified": 1747071939,
        "narHash": "sha256-sVPY2bxmtgSuvQWsU4/wNCKQL3AYclqfs41GHmXUQOY=",
        "owner": "holochain",
        "repo": "holonix",
        "rev": "f5ce9fb759da09085fde328747f893e0fd5ff5a6",
        "type": "github"
      },
      "original": {
        "owner": "holochain",
        "ref": "main-0.5",
        "repo": "holonix",
        "type": "github"
      }
    },
    "holonix_5": {
      "inputs": {
        "crane": "crane_5",
        "flake-parts": "flake-parts_5",
        "hc-launch": "hc-launch_5",
        "hc-scaffold": "hc-scaffold_5",
        "holochain": "holochain_5",
        "kitsune2": "kitsune2_5",
        "lair-keystore": "lair-keystore_5",
        "nixpkgs": "nixpkgs_5",
        "playground": "playground_5",
        "rust-overlay": "rust-overlay_5"
      },
      "locked": {
        "lastModified": 1747071939,
        "narHash": "sha256-sVPY2bxmtgSuvQWsU4/wNCKQL3AYclqfs41GHmXUQOY=",
        "owner": "holochain",
        "repo": "holonix",
        "rev": "f5ce9fb759da09085fde328747f893e0fd5ff5a6",
        "type": "github"
      },
      "original": {
        "owner": "holochain",
        "ref": "main-0.5",
        "repo": "holonix",
        "type": "github"
      }
    },
    "holonix_6": {
      "inputs": {
        "crane": "crane_6",
        "flake-parts": "flake-parts_6",
        "hc-launch": "hc-launch_6",
        "hc-scaffold": "hc-scaffold_6",
        "holochain": "holochain_6",
        "kitsune2": "kitsune2_6",
        "lair-keystore": "lair-keystore_6",
        "nixpkgs": "nixpkgs_6",
        "playground": "playground_6",
        "rust-overlay": "rust-overlay_6"
      },
      "locked": {
        "lastModified": 1747071939,
        "narHash": "sha256-sVPY2bxmtgSuvQWsU4/wNCKQL3AYclqfs41GHmXUQOY=",
        "owner": "holochain",
        "repo": "holonix",
        "rev": "f5ce9fb759da09085fde328747f893e0fd5ff5a6",
        "type": "github"
      },
      "original": {
        "owner": "holochain",
        "ref": "main-0.5",
        "repo": "holonix",
        "type": "github"
      }
    },
    "holonix_7": {
      "inputs": {
        "crane": "crane_7",
        "flake-parts": "flake-parts_7",
        "hc-launch": "hc-launch_7",
        "hc-scaffold": "hc-scaffold_7",
        "holochain": "holochain_7",
        "kitsune2": "kitsune2_7",
        "lair-keystore": "lair-keystore_7",
        "nixpkgs": "nixpkgs_7",
        "playground": "playground_7",
        "rust-overlay": "rust-overlay_7"
      },
      "locked": {
        "lastModified": 1747071939,
        "narHash": "sha256-sVPY2bxmtgSuvQWsU4/wNCKQL3AYclqfs41GHmXUQOY=",
        "owner": "holochain",
        "repo": "holonix",
        "rev": "f5ce9fb759da09085fde328747f893e0fd5ff5a6",
        "type": "github"
      },
      "original": {
        "owner": "holochain",
        "ref": "main-0.5",
        "repo": "holonix",
        "type": "github"
      }
    },
    "kitsune2": {
      "flake": false,
      "locked": {
        "lastModified": 1746114651,
        "narHash": "sha256-+MCxcDBHNq0CH4fiLXdoXfj/NlvzMkCMEPyh2cXGrp8=",
        "owner": "holochain",
        "repo": "kitsune2",
        "rev": "203e2d333a4134d09ed63af7e8a6f00797e09168",
        "type": "github"
      },
      "original": {
        "owner": "holochain",
        "ref": "v0.1.8",
        "repo": "kitsune2",
        "type": "github"
      }
    },
    "kitsune2_2": {
      "flake": false,
      "locked": {
        "lastModified": 1746114651,
        "narHash": "sha256-+MCxcDBHNq0CH4fiLXdoXfj/NlvzMkCMEPyh2cXGrp8=",
        "owner": "holochain",
        "repo": "kitsune2",
        "rev": "203e2d333a4134d09ed63af7e8a6f00797e09168",
        "type": "github"
      },
      "original": {
        "owner": "holochain",
        "ref": "v0.1.8",
        "repo": "kitsune2",
        "type": "github"
      }
    },
    "kitsune2_3": {
      "flake": false,
      "locked": {
        "lastModified": 1746114651,
        "narHash": "sha256-+MCxcDBHNq0CH4fiLXdoXfj/NlvzMkCMEPyh2cXGrp8=",
        "owner": "holochain",
        "repo": "kitsune2",
        "rev": "203e2d333a4134d09ed63af7e8a6f00797e09168",
        "type": "github"
      },
      "original": {
        "owner": "holochain",
        "ref": "v0.1.8",
        "repo": "kitsune2",
        "type": "github"
      }
    },
    "kitsune2_4": {
      "flake": false,
      "locked": {
        "lastModified": 1746114651,
        "narHash": "sha256-+MCxcDBHNq0CH4fiLXdoXfj/NlvzMkCMEPyh2cXGrp8=",
        "owner": "holochain",
        "repo": "kitsune2",
        "rev": "203e2d333a4134d09ed63af7e8a6f00797e09168",
        "type": "github"
      },
      "original": {
        "owner": "holochain",
        "ref": "v0.1.8",
        "repo": "kitsune2",
        "type": "github"
      }
    },
    "kitsune2_5": {
      "flake": false,
      "locked": {
        "lastModified": 1746114651,
        "narHash": "sha256-+MCxcDBHNq0CH4fiLXdoXfj/NlvzMkCMEPyh2cXGrp8=",
        "owner": "holochain",
        "repo": "kitsune2",
        "rev": "203e2d333a4134d09ed63af7e8a6f00797e09168",
        "type": "github"
      },
      "original": {
        "owner": "holochain",
        "ref": "v0.1.8",
        "repo": "kitsune2",
        "type": "github"
      }
    },
    "kitsune2_6": {
      "flake": false,
      "locked": {
        "lastModified": 1746114651,
        "narHash": "sha256-+MCxcDBHNq0CH4fiLXdoXfj/NlvzMkCMEPyh2cXGrp8=",
        "owner": "holochain",
        "repo": "kitsune2",
        "rev": "203e2d333a4134d09ed63af7e8a6f00797e09168",
        "type": "github"
      },
      "original": {
        "owner": "holochain",
        "ref": "v0.1.8",
        "repo": "kitsune2",
        "type": "github"
      }
    },
    "kitsune2_7": {
      "flake": false,
      "locked": {
        "lastModified": 1746114651,
        "narHash": "sha256-+MCxcDBHNq0CH4fiLXdoXfj/NlvzMkCMEPyh2cXGrp8=",
        "owner": "holochain",
        "repo": "kitsune2",
        "rev": "203e2d333a4134d09ed63af7e8a6f00797e09168",
        "type": "github"
      },
      "original": {
        "owner": "holochain",
        "ref": "v0.1.8",
        "repo": "kitsune2",
        "type": "github"
      }
    },
    "lair-keystore": {
      "flake": false,
      "locked": {
        "lastModified": 1743699319,
        "narHash": "sha256-TUOS38v5ibCbpVqWWy64p0apeb8QcLdRX4xzHAdtvLA=",
        "owner": "holochain",
        "repo": "lair",
        "rev": "23cd5d1fc9cb1c5bec01621aeef8acae3ce333a6",
        "type": "github"
      },
      "original": {
        "owner": "holochain",
        "ref": "lair_keystore-v0.6.1",
        "repo": "lair",
        "type": "github"
      }
    },
    "lair-keystore_2": {
      "flake": false,
      "locked": {
        "lastModified": 1743699319,
        "narHash": "sha256-TUOS38v5ibCbpVqWWy64p0apeb8QcLdRX4xzHAdtvLA=",
        "owner": "holochain",
        "repo": "lair",
        "rev": "23cd5d1fc9cb1c5bec01621aeef8acae3ce333a6",
        "type": "github"
      },
      "original": {
        "owner": "holochain",
        "ref": "lair_keystore-v0.6.1",
        "repo": "lair",
        "type": "github"
      }
    },
    "lair-keystore_3": {
      "flake": false,
      "locked": {
        "lastModified": 1743699319,
        "narHash": "sha256-TUOS38v5ibCbpVqWWy64p0apeb8QcLdRX4xzHAdtvLA=",
        "owner": "holochain",
        "repo": "lair",
        "rev": "23cd5d1fc9cb1c5bec01621aeef8acae3ce333a6",
        "type": "github"
      },
      "original": {
        "owner": "holochain",
        "ref": "lair_keystore-v0.6.1",
        "repo": "lair",
        "type": "github"
      }
    },
    "lair-keystore_4": {
      "flake": false,
      "locked": {
        "lastModified": 1743699319,
        "narHash": "sha256-TUOS38v5ibCbpVqWWy64p0apeb8QcLdRX4xzHAdtvLA=",
        "owner": "holochain",
        "repo": "lair",
        "rev": "23cd5d1fc9cb1c5bec01621aeef8acae3ce333a6",
        "type": "github"
      },
      "original": {
        "owner": "holochain",
        "ref": "lair_keystore-v0.6.1",
        "repo": "lair",
        "type": "github"
      }
    },
    "lair-keystore_5": {
      "flake": false,
      "locked": {
        "lastModified": 1743699319,
        "narHash": "sha256-TUOS38v5ibCbpVqWWy64p0apeb8QcLdRX4xzHAdtvLA=",
        "owner": "holochain",
        "repo": "lair",
        "rev": "23cd5d1fc9cb1c5bec01621aeef8acae3ce333a6",
        "type": "github"
      },
      "original": {
        "owner": "holochain",
        "ref": "lair_keystore-v0.6.1",
        "repo": "lair",
        "type": "github"
      }
    },
    "lair-keystore_6": {
      "flake": false,
      "locked": {
        "lastModified": 1743699319,
        "narHash": "sha256-TUOS38v5ibCbpVqWWy64p0apeb8QcLdRX4xzHAdtvLA=",
        "owner": "holochain",
        "repo": "lair",
        "rev": "23cd5d1fc9cb1c5bec01621aeef8acae3ce333a6",
        "type": "github"
      },
      "original": {
        "owner": "holochain",
        "ref": "lair_keystore-v0.6.1",
        "repo": "lair",
        "type": "github"
      }
    },
    "lair-keystore_7": {
      "flake": false,
      "locked": {
        "lastModified": 1743699319,
        "narHash": "sha256-TUOS38v5ibCbpVqWWy64p0apeb8QcLdRX4xzHAdtvLA=",
        "owner": "holochain",
        "repo": "lair",
        "rev": "23cd5d1fc9cb1c5bec01621aeef8acae3ce333a6",
        "type": "github"
      },
      "original": {
        "owner": "holochain",
        "ref": "lair_keystore-v0.6.1",
        "repo": "lair",
        "type": "github"
      }
    },
    "nixpkgs": {
      "locked": {
        "lastModified": 1746557022,
        "narHash": "sha256-QkNoyEf6TbaTW5UZYX0OkwIJ/ZMeKSSoOMnSDPQuol0=",
        "owner": "nixos",
        "repo": "nixpkgs",
        "rev": "1d3aeb5a193b9ff13f63f4d9cc169fb88129f860",
        "type": "github"
      },
      "original": {
        "owner": "nixos",
        "ref": "nixos-24.11",
        "repo": "nixpkgs",
        "type": "github"
      }
    },
    "nixpkgs-lib": {
      "locked": {
        "lastModified": 1743296961,
        "narHash": "sha256-b1EdN3cULCqtorQ4QeWgLMrd5ZGOjLSLemfa00heasc=",
        "owner": "nix-community",
        "repo": "nixpkgs.lib",
        "rev": "e4822aea2a6d1cdd36653c134cacfd64c97ff4fa",
        "type": "github"
      },
      "original": {
        "owner": "nix-community",
        "repo": "nixpkgs.lib",
        "type": "github"
      }
    },
    "nixpkgs-lib_2": {
      "locked": {
        "lastModified": 1743296961,
        "narHash": "sha256-b1EdN3cULCqtorQ4QeWgLMrd5ZGOjLSLemfa00heasc=",
        "owner": "nix-community",
        "repo": "nixpkgs.lib",
        "rev": "e4822aea2a6d1cdd36653c134cacfd64c97ff4fa",
        "type": "github"
      },
      "original": {
        "owner": "nix-community",
        "repo": "nixpkgs.lib",
        "type": "github"
      }
    },
    "nixpkgs-lib_3": {
      "locked": {
        "lastModified": 1743296961,
        "narHash": "sha256-b1EdN3cULCqtorQ4QeWgLMrd5ZGOjLSLemfa00heasc=",
        "owner": "nix-community",
        "repo": "nixpkgs.lib",
        "rev": "e4822aea2a6d1cdd36653c134cacfd64c97ff4fa",
        "type": "github"
      },
      "original": {
        "owner": "nix-community",
        "repo": "nixpkgs.lib",
        "type": "github"
      }
    },
    "nixpkgs-lib_4": {
      "locked": {
        "lastModified": 1743296961,
        "narHash": "sha256-b1EdN3cULCqtorQ4QeWgLMrd5ZGOjLSLemfa00heasc=",
        "owner": "nix-community",
        "repo": "nixpkgs.lib",
        "rev": "e4822aea2a6d1cdd36653c134cacfd64c97ff4fa",
        "type": "github"
      },
      "original": {
        "owner": "nix-community",
        "repo": "nixpkgs.lib",
        "type": "github"
      }
    },
    "nixpkgs-lib_5": {
      "locked": {
        "lastModified": 1743296961,
        "narHash": "sha256-b1EdN3cULCqtorQ4QeWgLMrd5ZGOjLSLemfa00heasc=",
        "owner": "nix-community",
        "repo": "nixpkgs.lib",
        "rev": "e4822aea2a6d1cdd36653c134cacfd64c97ff4fa",
        "type": "github"
      },
      "original": {
        "owner": "nix-community",
        "repo": "nixpkgs.lib",
        "type": "github"
      }
    },
    "nixpkgs-lib_6": {
      "locked": {
        "lastModified": 1743296961,
        "narHash": "sha256-b1EdN3cULCqtorQ4QeWgLMrd5ZGOjLSLemfa00heasc=",
        "owner": "nix-community",
        "repo": "nixpkgs.lib",
        "rev": "e4822aea2a6d1cdd36653c134cacfd64c97ff4fa",
        "type": "github"
      },
      "original": {
        "owner": "nix-community",
        "repo": "nixpkgs.lib",
        "type": "github"
      }
    },
    "nixpkgs-lib_7": {
      "locked": {
        "lastModified": 1743296961,
        "narHash": "sha256-b1EdN3cULCqtorQ4QeWgLMrd5ZGOjLSLemfa00heasc=",
        "owner": "nix-community",
        "repo": "nixpkgs.lib",
        "rev": "e4822aea2a6d1cdd36653c134cacfd64c97ff4fa",
        "type": "github"
      },
      "original": {
        "owner": "nix-community",
        "repo": "nixpkgs.lib",
        "type": "github"
      }
    },
    "nixpkgs_2": {
      "locked": {
        "lastModified": 1746557022,
        "narHash": "sha256-QkNoyEf6TbaTW5UZYX0OkwIJ/ZMeKSSoOMnSDPQuol0=",
        "owner": "nixos",
        "repo": "nixpkgs",
        "rev": "1d3aeb5a193b9ff13f63f4d9cc169fb88129f860",
        "type": "github"
      },
      "original": {
        "owner": "nixos",
        "ref": "nixos-24.11",
        "repo": "nixpkgs",
        "type": "github"
      }
    },
    "nixpkgs_3": {
      "locked": {
        "lastModified": 1746557022,
        "narHash": "sha256-QkNoyEf6TbaTW5UZYX0OkwIJ/ZMeKSSoOMnSDPQuol0=",
        "owner": "nixos",
        "repo": "nixpkgs",
        "rev": "1d3aeb5a193b9ff13f63f4d9cc169fb88129f860",
        "type": "github"
      },
      "original": {
        "owner": "nixos",
        "ref": "nixos-24.11",
        "repo": "nixpkgs",
        "type": "github"
      }
    },
    "nixpkgs_4": {
      "locked": {
        "lastModified": 1746557022,
        "narHash": "sha256-QkNoyEf6TbaTW5UZYX0OkwIJ/ZMeKSSoOMnSDPQuol0=",
        "owner": "nixos",
        "repo": "nixpkgs",
        "rev": "1d3aeb5a193b9ff13f63f4d9cc169fb88129f860",
        "type": "github"
      },
      "original": {
        "owner": "nixos",
        "ref": "nixos-24.11",
        "repo": "nixpkgs",
        "type": "github"
      }
    },
    "nixpkgs_5": {
      "locked": {
        "lastModified": 1746557022,
        "narHash": "sha256-QkNoyEf6TbaTW5UZYX0OkwIJ/ZMeKSSoOMnSDPQuol0=",
        "owner": "nixos",
        "repo": "nixpkgs",
        "rev": "1d3aeb5a193b9ff13f63f4d9cc169fb88129f860",
        "type": "github"
      },
      "original": {
        "owner": "nixos",
        "ref": "nixos-24.11",
        "repo": "nixpkgs",
        "type": "github"
      }
    },
    "nixpkgs_6": {
      "locked": {
        "lastModified": 1746557022,
        "narHash": "sha256-QkNoyEf6TbaTW5UZYX0OkwIJ/ZMeKSSoOMnSDPQuol0=",
        "owner": "nixos",
        "repo": "nixpkgs",
        "rev": "1d3aeb5a193b9ff13f63f4d9cc169fb88129f860",
        "type": "github"
      },
      "original": {
        "owner": "nixos",
        "ref": "nixos-24.11",
        "repo": "nixpkgs",
        "type": "github"
      }
    },
    "nixpkgs_7": {
      "locked": {
        "lastModified": 1746557022,
        "narHash": "sha256-QkNoyEf6TbaTW5UZYX0OkwIJ/ZMeKSSoOMnSDPQuol0=",
        "owner": "nixos",
        "repo": "nixpkgs",
        "rev": "1d3aeb5a193b9ff13f63f4d9cc169fb88129f860",
        "type": "github"
      },
      "original": {
        "owner": "nixos",
        "ref": "nixos-24.11",
        "repo": "nixpkgs",
        "type": "github"
      }
    },
    "playground": {
      "flake": false,
      "locked": {
        "lastModified": 1745500757,
        "narHash": "sha256-/Okvi/eg6aHHsbHyRpjNwMUuBNEudUbQ9lbt/Djbswc=",
        "owner": "darksoil-studio",
        "repo": "holochain-playground",
        "rev": "9c5b509d24d2b38770a41b3c2bf8c2f280e8f20c",
        "type": "github"
      },
      "original": {
        "owner": "darksoil-studio",
        "ref": "main-0.5",
        "repo": "holochain-playground",
        "type": "github"
      }
    },
    "playground_2": {
      "flake": false,
      "locked": {
        "lastModified": 1745500757,
        "narHash": "sha256-/Okvi/eg6aHHsbHyRpjNwMUuBNEudUbQ9lbt/Djbswc=",
        "owner": "darksoil-studio",
        "repo": "holochain-playground",
        "rev": "9c5b509d24d2b38770a41b3c2bf8c2f280e8f20c",
        "type": "github"
      },
      "original": {
        "owner": "darksoil-studio",
        "ref": "main-0.5",
        "repo": "holochain-playground",
        "type": "github"
      }
    },
    "playground_3": {
      "flake": false,
      "locked": {
        "lastModified": 1745500757,
        "narHash": "sha256-/Okvi/eg6aHHsbHyRpjNwMUuBNEudUbQ9lbt/Djbswc=",
        "owner": "darksoil-studio",
        "repo": "holochain-playground",
        "rev": "9c5b509d24d2b38770a41b3c2bf8c2f280e8f20c",
        "type": "github"
      },
      "original": {
        "owner": "darksoil-studio",
        "ref": "main-0.5",
        "repo": "holochain-playground",
        "type": "github"
      }
    },
    "playground_4": {
      "flake": false,
      "locked": {
        "lastModified": 1745500757,
        "narHash": "sha256-/Okvi/eg6aHHsbHyRpjNwMUuBNEudUbQ9lbt/Djbswc=",
        "owner": "darksoil-studio",
        "repo": "holochain-playground",
        "rev": "9c5b509d24d2b38770a41b3c2bf8c2f280e8f20c",
        "type": "github"
      },
      "original": {
        "owner": "darksoil-studio",
        "ref": "main-0.5",
        "repo": "holochain-playground",
        "type": "github"
      }
    },
    "playground_5": {
      "flake": false,
      "locked": {
        "lastModified": 1745500757,
        "narHash": "sha256-/Okvi/eg6aHHsbHyRpjNwMUuBNEudUbQ9lbt/Djbswc=",
        "owner": "darksoil-studio",
        "repo": "holochain-playground",
        "rev": "9c5b509d24d2b38770a41b3c2bf8c2f280e8f20c",
        "type": "github"
      },
      "original": {
        "owner": "darksoil-studio",
        "ref": "main-0.5",
        "repo": "holochain-playground",
        "type": "github"
      }
    },
    "playground_6": {
      "flake": false,
      "locked": {
        "lastModified": 1745500757,
        "narHash": "sha256-/Okvi/eg6aHHsbHyRpjNwMUuBNEudUbQ9lbt/Djbswc=",
        "owner": "darksoil-studio",
        "repo": "holochain-playground",
        "rev": "9c5b509d24d2b38770a41b3c2bf8c2f280e8f20c",
        "type": "github"
      },
      "original": {
        "owner": "darksoil-studio",
        "ref": "main-0.5",
        "repo": "holochain-playground",
        "type": "github"
      }
    },
    "playground_7": {
      "flake": false,
      "locked": {
        "lastModified": 1745500757,
        "narHash": "sha256-/Okvi/eg6aHHsbHyRpjNwMUuBNEudUbQ9lbt/Djbswc=",
        "owner": "darksoil-studio",
        "repo": "holochain-playground",
        "rev": "9c5b509d24d2b38770a41b3c2bf8c2f280e8f20c",
        "type": "github"
      },
      "original": {
        "owner": "darksoil-studio",
        "ref": "main-0.5",
        "repo": "holochain-playground",
        "type": "github"
      }
    },
    "root": {
      "inputs": {
        "crane": [
          "holonix",
          "crane"
        ],
        "holonix": "holonix",
        "nixpkgs": [
          "holonix",
          "nixpkgs"
        ],
        "rust-overlay": [
          "holonix",
          "rust-overlay"
        ],
        "scaffolding": "scaffolding",
        "tauri-plugin-holochain": "tauri-plugin-holochain"
      }
    },
    "rust-overlay": {
      "inputs": {
        "nixpkgs": [
          "holonix",
          "nixpkgs"
        ]
      },
      "locked": {
        "lastModified": 1746671794,
        "narHash": "sha256-V+mpk2frYIEm85iYf+KPDmCGG3zBRAEhbv0E3lHdG2U=",
        "owner": "oxalica",
        "repo": "rust-overlay",
        "rev": "ceec434b8741c66bb8df5db70d7e629a9d9c598f",
        "type": "github"
      },
      "original": {
        "owner": "oxalica",
        "repo": "rust-overlay",
        "type": "github"
      }
    },
    "rust-overlay_2": {
      "inputs": {
        "nixpkgs": [
          "scaffolding",
          "holochain-nix-builders",
          "holonix",
          "nixpkgs"
        ]
      },
      "locked": {
        "lastModified": 1746671794,
        "narHash": "sha256-V+mpk2frYIEm85iYf+KPDmCGG3zBRAEhbv0E3lHdG2U=",
        "owner": "oxalica",
        "repo": "rust-overlay",
        "rev": "ceec434b8741c66bb8df5db70d7e629a9d9c598f",
        "type": "github"
      },
      "original": {
        "owner": "oxalica",
        "repo": "rust-overlay",
        "type": "github"
      }
    },
    "rust-overlay_3": {
      "inputs": {
        "nixpkgs": [
          "scaffolding",
          "holonix",
          "nixpkgs"
        ]
      },
      "locked": {
        "lastModified": 1746671794,
        "narHash": "sha256-V+mpk2frYIEm85iYf+KPDmCGG3zBRAEhbv0E3lHdG2U=",
        "owner": "oxalica",
        "repo": "rust-overlay",
        "rev": "ceec434b8741c66bb8df5db70d7e629a9d9c598f",
        "type": "github"
      },
      "original": {
        "owner": "oxalica",
        "repo": "rust-overlay",
        "type": "github"
      }
    },
    "rust-overlay_4": {
      "inputs": {
        "nixpkgs": [
          "tauri-plugin-holochain",
          "holochain-nix-builders",
          "holonix",
          "nixpkgs"
        ]
      },
      "locked": {
        "lastModified": 1746671794,
        "narHash": "sha256-V+mpk2frYIEm85iYf+KPDmCGG3zBRAEhbv0E3lHdG2U=",
        "owner": "oxalica",
        "repo": "rust-overlay",
        "rev": "ceec434b8741c66bb8df5db70d7e629a9d9c598f",
        "type": "github"
      },
      "original": {
        "owner": "oxalica",
        "repo": "rust-overlay",
        "type": "github"
      }
    },
    "rust-overlay_5": {
      "inputs": {
        "nixpkgs": [
          "tauri-plugin-holochain",
          "holonix",
          "nixpkgs"
        ]
      },
      "locked": {
        "lastModified": 1746671794,
        "narHash": "sha256-V+mpk2frYIEm85iYf+KPDmCGG3zBRAEhbv0E3lHdG2U=",
        "owner": "oxalica",
        "repo": "rust-overlay",
        "rev": "ceec434b8741c66bb8df5db70d7e629a9d9c598f",
        "type": "github"
      },
      "original": {
        "owner": "oxalica",
        "repo": "rust-overlay",
        "type": "github"
      }
    },
    "rust-overlay_6": {
      "inputs": {
        "nixpkgs": [
          "tauri-plugin-holochain",
          "scaffolding",
          "holochain-nix-builders",
          "holonix",
          "nixpkgs"
        ]
      },
      "locked": {
        "lastModified": 1746671794,
        "narHash": "sha256-V+mpk2frYIEm85iYf+KPDmCGG3zBRAEhbv0E3lHdG2U=",
        "owner": "oxalica",
        "repo": "rust-overlay",
        "rev": "ceec434b8741c66bb8df5db70d7e629a9d9c598f",
        "type": "github"
      },
      "original": {
        "owner": "oxalica",
        "repo": "rust-overlay",
        "type": "github"
      }
    },
    "rust-overlay_7": {
      "inputs": {
        "nixpkgs": [
          "tauri-plugin-holochain",
          "scaffolding",
          "holonix",
          "nixpkgs"
        ]
      },
      "locked": {
        "lastModified": 1746671794,
        "narHash": "sha256-V+mpk2frYIEm85iYf+KPDmCGG3zBRAEhbv0E3lHdG2U=",
        "owner": "oxalica",
        "repo": "rust-overlay",
        "rev": "ceec434b8741c66bb8df5db70d7e629a9d9c598f",
        "type": "github"
      },
      "original": {
        "owner": "oxalica",
        "repo": "rust-overlay",
        "type": "github"
      }
    },
    "scaffolding": {
      "inputs": {
        "crane": [
          "scaffolding",
          "holonix",
          "crane"
        ],
        "holochain-nix-builders": "holochain-nix-builders",
        "holonix": "holonix_3",
        "nixpkgs": [
          "scaffolding",
          "holonix",
          "nixpkgs"
        ],
        "rust-overlay": [
          "scaffolding",
          "holonix",
          "rust-overlay"
        ]
      },
      "locked": {
        "lastModified": 1748427214,
        "narHash": "sha256-QTWsfDeGSOnp8tNXuC/op2wHCm4LvVuSYInN7QnK1UU=",
        "owner": "darksoil-studio",
        "repo": "scaffolding",
        "rev": "2d6cd3dbac685bd426ab6b49f34ad9af35dbd975",
        "type": "github"
      },
      "original": {
        "owner": "darksoil-studio",
        "ref": "main-0.5",
        "repo": "scaffolding",
        "type": "github"
      }
    },
    "scaffolding_2": {
      "inputs": {
        "crane": [
          "tauri-plugin-holochain",
          "scaffolding",
          "holonix",
          "crane"
        ],
        "holochain-nix-builders": "holochain-nix-builders_3",
        "holonix": "holonix_7",
        "nixpkgs": [
          "tauri-plugin-holochain",
          "scaffolding",
          "holonix",
          "nixpkgs"
        ],
        "rust-overlay": [
          "tauri-plugin-holochain",
          "scaffolding",
          "holonix",
          "rust-overlay"
        ]
      },
      "locked": {
        "lastModified": 1748427214,
        "narHash": "sha256-QTWsfDeGSOnp8tNXuC/op2wHCm4LvVuSYInN7QnK1UU=",
        "owner": "darksoil-studio",
        "repo": "scaffolding",
        "rev": "2d6cd3dbac685bd426ab6b49f34ad9af35dbd975",
        "type": "github"
      },
      "original": {
        "owner": "darksoil-studio",
        "ref": "main-0.5",
        "repo": "scaffolding",
        "type": "github"
      }
    },
    "tauri-plugin-holochain": {
      "inputs": {
        "crane": [
          "tauri-plugin-holochain",
          "holonix",
          "crane"
        ],
        "gonixpkgs": "gonixpkgs",
        "holochain-nix-builders": "holochain-nix-builders_2",
        "holonix": "holonix_5",
        "nixpkgs": [
          "tauri-plugin-holochain",
          "holonix",
          "nixpkgs"
        ],
        "rust-overlay": [
          "tauri-plugin-holochain",
          "holonix",
          "rust-overlay"
        ],
        "scaffolding": "scaffolding_2",
        "webkitnixpkgs": "webkitnixpkgs"
      },
      "locked": {
        "lastModified": 1748441573,
        "narHash": "sha256-UPHKKOsPIgs2M6d9eeE9W4EaVPmWqrFydCxznBPZU3I=",
        "owner": "darksoil-studio",
        "repo": "tauri-plugin-holochain",
        "rev": "56113985abe298dda393334e3670f28f642062bf",
        "type": "github"
      },
      "original": {
        "owner": "darksoil-studio",
        "ref": "main-0.5",
        "repo": "tauri-plugin-holochain",
        "type": "github"
      }
    },
    "webkitnixpkgs": {
      "locked": {
        "lastModified": 1711404521,
        "narHash": "sha256-cYhDZ3RYLiXAi4LQDGuQjjDDbtP00Wd/Vjal/jWyTuA=",
        "owner": "nixos",
        "repo": "nixpkgs",
        "rev": "07518c851b0f12351d7709274bbbd4ecc1f089c7",
        "type": "github"
      },
      "original": {
        "owner": "nixos",
        "repo": "nixpkgs",
        "rev": "07518c851b0f12351d7709274bbbd4ecc1f089c7",
        "type": "github"
      }
    }
  },
  "root": "root",
  "version": 7
}
